
Microsoft Visual Studio Solution File, Format Version 12.00
# Visual Studio Version 17
VisualStudioVersion = 17.11.35312.102
MinimumVisualStudioVersion = 10.0.40219.1
Project("{9A19103F-16F7-4668-BE54-9A1E7A4F7556}") = "EasonEetwViewer.ConsoleApp", "EasonEetwViewer.ConsoleApp\EasonEetwViewer.ConsoleApp.csproj", "{C0C7A1B9-99DA-4E7C-8351-F1784D511431}"
EndProject
Project("{9A19103F-16F7-4668-BE54-9A1E7A4F7556}") = "EasonEetwViewer.Dmdata.Dtos", "EasonEetwViewer.Dmdata.Dtos\EasonEetwViewer.Dmdata.Dtos.csproj", "{B63D2F64-4130-47CB-BB29-91AB54B91BF4}"
EndProject
Project("{FAE04EC0-301F-11D3-BF4B-00C04F79EFBC}") = "EasonEetwViewer.Dmdata.Authentication", "EasonEetwViewer.Dmdata.Authentication\EasonEetwViewer.Dmdata.Authentication.csproj", "{FE8DF445-A973-4871-97D8-828D95518FA3}"
EndProject
Project("{FAE04EC0-301F-11D3-BF4B-00C04F79EFBC}") = "EasonEetwViewer.KyoshinMonitor", "EasonEetwViewer.KyoshinMonitor\EasonEetwViewer.KyoshinMonitor.csproj", "{1A7FC754-4C56-47A1-9E78-DDD9396404C5}"
EndProject
Project("{FAE04EC0-301F-11D3-BF4B-00C04F79EFBC}") = "EasonEetwViewer", "EasonEetwViewer\EasonEetwViewer.csproj", "{058FBE52-A267-4D75-8446-71F0F4B55CB5}"
EndProject
Project("{FAE04EC0-301F-11D3-BF4B-00C04F79EFBC}") = "EasonEetwViewer.JmaTravelTime", "EasonEetwViewer.JmaTravelTime\EasonEetwViewer.JmaTravelTime.csproj", "{DDAC7851-F537-4382-96A2-9AD6079F24AF}"
EndProject
Project("{FAE04EC0-301F-11D3-BF4B-00C04F79EFBC}") = "EasonEetwViewer.Dmdata.WebSocket", "EasonEetwViewer.Dmdata.WebSocket\EasonEetwViewer.Dmdata.WebSocket.csproj", "{6BE3A699-9A60-4CED-9618-09422714C9DE}"
EndProject
Project("{FAE04EC0-301F-11D3-BF4B-00C04F79EFBC}") = "EasonEetwViewer.Dmdata.Telegram", "EasonEetwViewer.Dmdata.Telegram\EasonEetwViewer.Dmdata.Telegram.csproj", "{91A00EEC-9776-49C2-B6D2-36BABDB14FB3}"
EndProject
Project("{FAE04EC0-301F-11D3-BF4B-00C04F79EFBC}") = "EasonEetwViewer.Dmdata.Api", "EasonEetwViewer.Dmdata.Api\EasonEetwViewer.Dmdata.Api.csproj", "{FE2247FB-E2C0-4D53-8318-C47B4A981DBF}"
EndProject
Project("{FAE04EC0-301F-11D3-BF4B-00C04F79EFBC}") = "EasonEetwViewer.Services.Kmoni", "EasonEetwViewer.Services.Kmoni\EasonEetwViewer.Services.Kmoni.csproj", "{59C89E31-4FD9-4F7A-99E0-CCC8F87650C1}"
EndProject
Global
	GlobalSection(SolutionConfigurationPlatforms) = preSolution
		Debug|Any CPU = Debug|Any CPU
		Release|Any CPU = Release|Any CPU
	EndGlobalSection
	GlobalSection(ProjectConfigurationPlatforms) = postSolution
		{C0C7A1B9-99DA-4E7C-8351-F1784D511431}.Debug|Any CPU.ActiveCfg = Debug|Any CPU
		{C0C7A1B9-99DA-4E7C-8351-F1784D511431}.Debug|Any CPU.Build.0 = Debug|Any CPU
		{C0C7A1B9-99DA-4E7C-8351-F1784D511431}.Release|Any CPU.ActiveCfg = Release|Any CPU
		{C0C7A1B9-99DA-4E7C-8351-F1784D511431}.Release|Any CPU.Build.0 = Release|Any CPU
		{B63D2F64-4130-47CB-BB29-91AB54B91BF4}.Debug|Any CPU.ActiveCfg = Debug|Any CPU
		{B63D2F64-4130-47CB-BB29-91AB54B91BF4}.Debug|Any CPU.Build.0 = Debug|Any CPU
		{B63D2F64-4130-47CB-BB29-91AB54B91BF4}.Release|Any CPU.ActiveCfg = Release|Any CPU
		{B63D2F64-4130-47CB-BB29-91AB54B91BF4}.Release|Any CPU.Build.0 = Release|Any CPU
		{FE8DF445-A973-4871-97D8-828D95518FA3}.Debug|Any CPU.ActiveCfg = Debug|Any CPU
		{FE8DF445-A973-4871-97D8-828D95518FA3}.Debug|Any CPU.Build.0 = Debug|Any CPU
		{FE8DF445-A973-4871-97D8-828D95518FA3}.Release|Any CPU.ActiveCfg = Release|Any CPU
		{FE8DF445-A973-4871-97D8-828D95518FA3}.Release|Any CPU.Build.0 = Release|Any CPU
		{1A7FC754-4C56-47A1-9E78-DDD9396404C5}.Debug|Any CPU.ActiveCfg = Debug|Any CPU
		{1A7FC754-4C56-47A1-9E78-DDD9396404C5}.Debug|Any CPU.Build.0 = Debug|Any CPU
		{1A7FC754-4C56-47A1-9E78-DDD9396404C5}.Release|Any CPU.ActiveCfg = Release|Any CPU
		{1A7FC754-4C56-47A1-9E78-DDD9396404C5}.Release|Any CPU.Build.0 = Release|Any CPU
		{058FBE52-A267-4D75-8446-71F0F4B55CB5}.Debug|Any CPU.ActiveCfg = Debug|Any CPU
		{058FBE52-A267-4D75-8446-71F0F4B55CB5}.Debug|Any CPU.Build.0 = Debug|Any CPU
		{058FBE52-A267-4D75-8446-71F0F4B55CB5}.Release|Any CPU.ActiveCfg = Release|Any CPU
		{058FBE52-A267-4D75-8446-71F0F4B55CB5}.Release|Any CPU.Build.0 = Release|Any CPU
		{DDAC7851-F537-4382-96A2-9AD6079F24AF}.Debug|Any CPU.ActiveCfg = Debug|Any CPU
		{DDAC7851-F537-4382-96A2-9AD6079F24AF}.Debug|Any CPU.Build.0 = Debug|Any CPU
		{DDAC7851-F537-4382-96A2-9AD6079F24AF}.Release|Any CPU.ActiveCfg = Release|Any CPU
		{DDAC7851-F537-4382-96A2-9AD6079F24AF}.Release|Any CPU.Build.0 = Release|Any CPU
		{6BE3A699-9A60-4CED-9618-09422714C9DE}.Debug|Any CPU.ActiveCfg = Debug|Any CPU
		{6BE3A699-9A60-4CED-9618-09422714C9DE}.Debug|Any CPU.Build.0 = Debug|Any CPU
		{6BE3A699-9A60-4CED-9618-09422714C9DE}.Release|Any CPU.ActiveCfg = Release|Any CPU
		{6BE3A699-9A60-4CED-9618-09422714C9DE}.Release|Any CPU.Build.0 = Release|Any CPU
		{91A00EEC-9776-49C2-B6D2-36BABDB14FB3}.Debug|Any CPU.ActiveCfg = Debug|Any CPU
		{91A00EEC-9776-49C2-B6D2-36BABDB14FB3}.Debug|Any CPU.Build.0 = Debug|Any CPU
		{91A00EEC-9776-49C2-B6D2-36BABDB14FB3}.Release|Any CPU.ActiveCfg = Release|Any CPU
		{91A00EEC-9776-49C2-B6D2-36BABDB14FB3}.Release|Any CPU.Build.0 = Release|Any CPU
		{FE2247FB-E2C0-4D53-8318-C47B4A981DBF}.Debug|Any CPU.ActiveCfg = Debug|Any CPU
		{FE2247FB-E2C0-4D53-8318-C47B4A981DBF}.Debug|Any CPU.Build.0 = Debug|Any CPU
		{FE2247FB-E2C0-4D53-8318-C47B4A981DBF}.Release|Any CPU.ActiveCfg = Release|Any CPU
		{FE2247FB-E2C0-4D53-8318-C47B4A981DBF}.Release|Any CPU.Build.0 = Release|Any CPU
		{59C89E31-4FD9-4F7A-99E0-CCC8F87650C1}.Debug|Any CPU.ActiveCfg = Debug|Any CPU
		{59C89E31-4FD9-4F7A-99E0-CCC8F87650C1}.Debug|Any CPU.Build.0 = Debug|Any CPU
		{59C89E31-4FD9-4F7A-99E0-CCC8F87650C1}.Release|Any CPU.ActiveCfg = Release|Any CPU
		{59C89E31-4FD9-4F7A-99E0-CCC8F87650C1}.Release|Any CPU.Build.0 = Release|Any CPU
	EndGlobalSection
	GlobalSection(SolutionProperties) = preSolution
		HideSolutionNode = FALSE
	EndGlobalSection
	GlobalSection(ExtensibilityGlobals) = postSolution
		SolutionGuid = {9430064E-E987-44CB-A44E-E202B1C7F3C5}
	EndGlobalSection
EndGlobal
